
Microsoft Visual Studio Solution File, Format Version 12.00
# Visual Studio 2012
Project("{FAE04EC0-301F-11D3-BF4B-00C04F79EFBC}") = "DataAccess", "DataAccess\DataAccess.csproj", "{CC3FF67B-4F67-436D-83DC-29E888B68D6E}"
EndProject
Project("{FAE04EC0-301F-11D3-BF4B-00C04F79EFBC}") = "ConsoleTest.cs", "ConsoleTest.cs\ConsoleTest.cs.csproj", "{F4500E04-A347-474A-A8B1-5276776115A4}"
EndProject
Global
	GlobalSection(SolutionConfigurationPlatforms) = preSolution
		Debug|Any CPU = Debug|Any CPU
		Release|Any CPU = Release|Any CPU
	EndGlobalSection
	GlobalSection(ProjectConfigurationPlatforms) = postSolution
		{CC3FF67B-4F67-436D-83DC-29E888B68D6E}.Debug|Any CPU.ActiveCfg = Debug|Any CPU
		{CC3FF67B-4F67-436D-83DC-29E888B68D6E}.Debug|Any CPU.Build.0 = Debug|Any CPU
		{CC3FF67B-4F67-436D-83DC-29E888B68D6E}.Release|Any CPU.ActiveCfg = Release|Any CPU
		{CC3FF67B-4F67-436D-83DC-29E888B68D6E}.Release|Any CPU.Build.0 = Release|Any CPU
		{F4500E04-A347-474A-A8B1-5276776115A4}.Debug|Any CPU.ActiveCfg = Debug|Any CPU
		{F4500E04-A347-474A-A8B1-5276776115A4}.Debug|Any CPU.Build.0 = Debug|Any CPU
		{F4500E04-A347-474A-A8B1-5276776115A4}.Release|Any CPU.ActiveCfg = Release|Any CPU
		{F4500E04-A347-474A-A8B1-5276776115A4}.Release|Any CPU.Build.0 = Release|Any CPU
	EndGlobalSection
	GlobalSection(SolutionProperties) = preSolution
		HideSolutionNode = FALSE
	EndGlobalSection
EndGlobal
